
Microsoft Visual Studio Solution File, Format Version 12.00
# Visual Studio 15
VisualStudioVersion = 15.0.26730.16
MinimumVisualStudioVersion = 10.0.40219.1
Project("{FAE04EC0-301F-11D3-BF4B-00C04F79EFBC}") = "WebApi", "WebApi\WebApi.csproj", "{DA6C94CB-70F3-4CE1-A537-DD04EDCA6F0C}"
EndProject
Global
	GlobalSection(SolutionConfigurationPlatforms) = preSolution
		Debug|Any CPU = Debug|Any CPU
		Release|Any CPU = Release|Any CPU
	EndGlobalSection
	GlobalSection(ProjectConfigurationPlatforms) = postSolution
		{DA6C94CB-70F3-4CE1-A537-DD04EDCA6F0C}.Debug|Any CPU.ActiveCfg = Debug|Any CPU
		{DA6C94CB-70F3-4CE1-A537-DD04EDCA6F0C}.Debug|Any CPU.Build.0 = Debug|Any CPU
		{DA6C94CB-70F3-4CE1-A537-DD04EDCA6F0C}.Release|Any CPU.ActiveCfg = Release|Any CPU
		{DA6C94CB-70F3-4CE1-A537-DD04EDCA6F0C}.Release|Any CPU.Build.0 = Release|Any CPU
	EndGlobalSection
	GlobalSection(SolutionProperties) = preSolution
		HideSolutionNode = FALSE
	EndGlobalSection
	GlobalSection(ExtensibilityGlobals) = postSolution
		SolutionGuid = {CF307F62-1888-427F-B296-3EE09520E570}
	EndGlobalSection
EndGlobal
